// !$*UTF8*$!
{
	archiveVersion = 1;
	classes = {
	};
	objectVersion = 55;
	objects = {

/* Begin PBXBuildFile section */
		9804500227F1F1AD0095F756 /* ContactMeApp.swift in Sources */ = {isa = PBXBuildFile; fileRef = 9804500127F1F1AD0095F756 /* ContactMeApp.swift */; };
		9804500427F1F1AD0095F756 /* ContentView.swift in Sources */ = {isa = PBXBuildFile; fileRef = 9804500327F1F1AD0095F756 /* ContentView.swift */; };
		9804500627F1F1AE0095F756 /* Assets.xcassets in Resources */ = {isa = PBXBuildFile; fileRef = 9804500527F1F1AE0095F756 /* Assets.xcassets */; };
		9804500927F1F1AE0095F756 /* Preview Assets.xcassets in Resources */ = {isa = PBXBuildFile; fileRef = 9804500827F1F1AE0095F756 /* Preview Assets.xcassets */; };
		9804501027F1F1BD0095F756 /* DataModel.swift in Sources */ = {isa = PBXBuildFile; fileRef = 9804500F27F1F1BD0095F756 /* DataModel.swift */; };
		986694FD27F200C0009FA282 /* ContactView.swift in Sources */ = {isa = PBXBuildFile; fileRef = 986694FC27F200C0009FA282 /* ContactView.swift */; };
		986694FF27F2021E009FA282 /* AddContactView.swift in Sources */ = {isa = PBXBuildFile; fileRef = 986694FE27F2021E009FA282 /* AddContactView.swift */; };
		9866950527F24496009FA282 /* EMailValid.swift in Sources */ = {isa = PBXBuildFile; fileRef = 9866950427F24496009FA282 /* EMailValid.swift */; };
/* End PBXBuildFile section */

/* Begin PBXFileReference section */
		98044FFE27F1F1AD0095F756 /* ContactMe.app */ = {isa = PBXFileReference; explicitFileType = wrapper.application; includeInIndex = 0; path = ContactMe.app; sourceTree = BUILT_PRODUCTS_DIR; };
		9804500127F1F1AD0095F756 /* ContactMeApp.swift */ = {isa = PBXFileReference; lastKnownFileType = sourcecode.swift; path = ContactMeApp.swift; sourceTree = "<group>"; };
		9804500327F1F1AD0095F756 /* ContentView.swift */ = {isa = PBXFileReference; lastKnownFileType = sourcecode.swift; path = ContentView.swift; sourceTree = "<group>"; };
		9804500527F1F1AE0095F756 /* Assets.xcassets */ = {isa = PBXFileReference; lastKnownFileType = folder.assetcatalog; path = Assets.xcassets; sourceTree = "<group>"; };
		9804500827F1F1AE0095F756 /* Preview Assets.xcassets */ = {isa = PBXFileReference; lastKnownFileType = folder.assetcatalog; path = "Preview Assets.xcassets"; sourceTree = "<group>"; };
		9804500F27F1F1BD0095F756 /* DataModel.swift */ = {isa = PBXFileReference; lastKnownFileType = sourcecode.swift; path = DataModel.swift; sourceTree = "<group>"; };
		986694FC27F200C0009FA282 /* ContactView.swift */ = {isa = PBXFileReference; lastKnownFileType = sourcecode.swift; path = ContactView.swift; sourceTree = "<group>"; };
		986694FE27F2021E009FA282 /* AddContactView.swift */ = {isa = PBXFileReference; lastKnownFileType = sourcecode.swift; path = AddContactView.swift; sourceTree = "<group>"; };
		9866950427F24496009FA282 /* EMailValid.swift */ = {isa = PBXFileReference; lastKnownFileType = sourcecode.swift; path = EMailValid.swift; sourceTree = "<group>"; };
/* End PBXFileReference section */

/* Begin PBXFrameworksBuildPhase section */
		98044FFB27F1F1AD0095F756 /* Frameworks */ = {
			isa = PBXFrameworksBuildPhase;
			buildActionMask = 2147483647;
			files = (
			);
			runOnlyForDeploymentPostprocessing = 0;
		};
/* End PBXFrameworksBuildPhase section */

/* Begin PBXGroup section */
		98044FF527F1F1AD0095F756 = {
			isa = PBXGroup;
			children = (
				9804500027F1F1AD0095F756 /* ContactMe */,
				98044FFF27F1F1AD0095F756 /* Products */,
			);
			sourceTree = "<group>";
		};
		98044FFF27F1F1AD0095F756 /* Products */ = {
			isa = PBXGroup;
			children = (
				98044FFE27F1F1AD0095F756 /* ContactMe.app */,
			);
			name = Products;
			sourceTree = "<group>";
		};
		9804500027F1F1AD0095F756 /* ContactMe */ = {
			isa = PBXGroup;
			children = (
				9804500127F1F1AD0095F756 /* ContactMeApp.swift */,
				9804500327F1F1AD0095F756 /* ContentView.swift */,
				986694FC27F200C0009FA282 /* ContactView.swift */,
				986694FE27F2021E009FA282 /* AddContactView.swift */,
				9804500F27F1F1BD0095F756 /* DataModel.swift */,
				9866950427F24496009FA282 /* EMailValid.swift */,
				9804500527F1F1AE0095F756 /* Assets.xcassets */,
				9804500727F1F1AE0095F756 /* Preview Content */,
			);
			path = ContactMe;
			sourceTree = "<group>";
		};
		9804500727F1F1AE0095F756 /* Preview Content */ = {
			isa = PBXGroup;
			children = (
				9804500827F1F1AE0095F756 /* Preview Assets.xcassets */,
			);
			path = "Preview Content";
			sourceTree = "<group>";
		};
/* End PBXGroup section */

/* Begin PBXNativeTarget section */
		98044FFD27F1F1AD0095F756 /* ContactMe */ = {
			isa = PBXNativeTarget;
			buildConfigurationList = 9804500C27F1F1AE0095F756 /* Build configuration list for PBXNativeTarget "ContactMe" */;
			buildPhases = (
				98044FFA27F1F1AD0095F756 /* Sources */,
				98044FFB27F1F1AD0095F756 /* Frameworks */,
				98044FFC27F1F1AD0095F756 /* Resources */,
			);
			buildRules = (
			);
			dependencies = (
			);
			name = ContactMe;
			productName = ContactMe;
			productReference = 98044FFE27F1F1AD0095F756 /* ContactMe.app */;
			productType = "com.apple.product-type.application";
		};
/* End PBXNativeTarget section */

/* Begin PBXProject section */
		98044FF627F1F1AD0095F756 /* Project object */ = {
			isa = PBXProject;
			attributes = {
				BuildIndependentTargetsInParallel = 1;
				LastSwiftUpdateCheck = 1330;
				LastUpgradeCheck = 1330;
				TargetAttributes = {
					98044FFD27F1F1AD0095F756 = {
						CreatedOnToolsVersion = 13.3;
					};
				};
			};
			buildConfigurationList = 98044FF927F1F1AD0095F756 /* Build configuration list for PBXProject "ContactMe" */;
			compatibilityVersion = "Xcode 13.0";
			developmentRegion = en;
			hasScannedForEncodings = 0;
			knownRegions = (
				en,
				Base,
			);
			mainGroup = 98044FF527F1F1AD0095F756;
			productRefGroup = 98044FFF27F1F1AD0095F756 /* Products */;
			projectDirPath = "";
			projectRoot = "";
			targets = (
				98044FFD27F1F1AD0095F756 /* ContactMe */,
			);
		};
/* End PBXProject section */

/* Begin PBXResourcesBuildPhase section */
		98044FFC27F1F1AD0095F756 /* Resources */ = {
			isa = PBXResourcesBuildPhase;
			buildActionMask = 2147483647;
			files = (
				9804500927F1F1AE0095F756 /* Preview Assets.xcassets in Resources */,
				9804500627F1F1AE0095F756 /* Assets.xcassets in Resources */,
			);
			runOnlyForDeploymentPostprocessing = 0;
		};
/* End PBXResourcesBuildPhase section */

/* Begin PBXSourcesBuildPhase section */
		98044FFA27F1F1AD0095F756 /* Sources */ = {
			isa = PBXSourcesBuildPhase;
			buildActionMask = 2147483647;
			files = (
				9804500427F1F1AD0095F756 /* ContentView.swift in Sources */,
				986694FF27F2021E009FA282 /* AddContactView.swift in Sources */,
				9804500227F1F1AD0095F756 /* ContactMeApp.swift in Sources */,
				9804501027F1F1BD0095F756 /* DataModel.swift in Sources */,
				986694FD27F200C0009FA282 /* ContactView.swift in Sources */,
				9866950527F24496009FA282 /* EMailValid.swift in Sources */,
			);
			runOnlyForDeploymentPostprocessing = 0;
		};
/* End PBXSourcesBuildPhase section */

/* Begin XCBuildConfiguration section */
		9804500A27F1F1AE0095F756 /* Debug */ = {
			isa = XCBuildConfiguration;
			buildSettings = {
				ALWAYS_SEARCH_USER_PATHS = NO;
				CLANG_ANALYZER_NONNULL = YES;
				CLANG_ANALYZER_NUMBER_OBJECT_CONVERSION = YES_AGGRESSIVE;
				CLANG_CXX_LANGUAGE_STANDARD = "gnu++17";
				CLANG_ENABLE_MODULES = YES;
				CLANG_ENABLE_OBJC_ARC = YES;
				CLANG_ENABLE_OBJC_WEAK = YES;
				CLANG_WARN_BLOCK_CAPTURE_AUTORELEASING = YES;
				CLANG_WARN_BOOL_CONVERSION = YES;
				CLANG_WARN_COMMA = YES;
				CLANG_WARN_CONSTANT_CONVERSION = YES;
				CLANG_WARN_DEPRECATED_OBJC_IMPLEMENTATIONS = YES;
				CLANG_WARN_DIRECT_OBJC_ISA_USAGE = YES_ERROR;
				CLANG_WARN_DOCUMENTATION_COMMENTS = YES;
				CLANG_WARN_EMPTY_BODY = YES;
				CLANG_WARN_ENUM_CONVERSION = YES;
				CLANG_WARN_INFINITE_RECURSION = YES;
				CLANG_WARN_INT_CONVERSION = YES;
				CLANG_WARN_NON_LITERAL_NULL_CONVERSION = YES;
				CLANG_WARN_OBJC_IMPLICIT_RETAIN_SELF = YES;
				CLANG_WARN_OBJC_LITERAL_CONVERSION = YES;
				CLANG_WARN_OBJC_ROOT_CLASS = YES_ERROR;
				CLANG_WARN_QUOTED_INCLUDE_IN_FRAMEWORK_HEADER = YES;
				CLANG_WARN_RANGE_LOOP_ANALYSIS = YES;
				CLANG_WARN_STRICT_PROTOTYPES = YES;
				CLANG_WARN_SUSPICIOUS_MOVE = YES;
				CLANG_WARN_UNGUARDED_AVAILABILITY = YES_AGGRESSIVE;
				CLANG_WARN_UNREACHABLE_CODE = YES;
				CLANG_WARN__DUPLICATE_METHOD_MATCH = YES;
				COPY_PHASE_STRIP = NO;
				DEBUG_INFORMATION_FORMAT = dwarf;
				ENABLE_STRICT_OBJC_MSGSEND = YES;
				ENABLE_TESTABILITY = YES;
				GCC_C_LANGUAGE_STANDARD = gnu11;
				GCC_DYNAMIC_NO_PIC = NO;
				GCC_NO_COMMON_BLOCKS = YES;
				GCC_OPTIMIZATION_LEVEL = 0;
				GCC_PREPROCESSOR_DEFINITIONS = (
					"DEBUG=1",
					"$(inherited)",
				);
				GCC_WARN_64_TO_32_BIT_CONVERSION = YES;
				GCC_WARN_ABOUT_RETURN_TYPE = YES_ERROR;
				GCC_WARN_UNDECLARED_SELECTOR = YES;
				GCC_WARN_UNINITIALIZED_AUTOS = YES_AGGRESSIVE;
				GCC_WARN_UNUSED_FUNCTION = YES;
				GCC_WARN_UNUSED_VARIABLE = YES;
				IPHONEOS_DEPLOYMENT_TARGET = 15.4;
				MTL_ENABLE_DEBUG_INFO = INCLUDE_SOURCE;
				MTL_FAST_MATH = YES;
				ONLY_ACTIVE_ARCH = YES;
				SDKROOT = iphoneos;
				SWIFT_ACTIVE_COMPILATION_CONDITIONS = DEBUG;
				SWIFT_OPTIMIZATION_LEVEL = "-Onone";
			};
			name = Debug;
		};
		9804500B27F1F1AE0095F756 /* Release */ = {
			isa = XCBuildConfiguration;
			buildSettings = {
				ALWAYS_SEARCH_USER_PATHS = NO;
				CLANG_ANALYZER_NONNULL = YES;
				CLANG_ANALYZER_NUMBER_OBJECT_CONVERSION = YES_AGGRESSIVE;
				CLANG_CXX_LANGUAGE_STANDARD = "gnu++17";
				CLANG_ENABLE_MODULES = YES;
				CLANG_ENABLE_OBJC_ARC = YES;
				CLANG_ENABLE_OBJC_WEAK = YES;
				CLANG_WARN_BLOCK_CAPTURE_AUTORELEASING = YES;
				CLANG_WARN_BOOL_CONVERSION = YES;
				CLANG_WARN_COMMA = YES;
				CLANG_WARN_CONSTANT_CONVERSION = YES;
				CLANG_WARN_DEPRECATED_OBJC_IMPLEMENTATIONS = YES;
				CLANG_WARN_DIRECT_OBJC_ISA_USAGE = YES_ERROR;
				CLANG_WARN_DOCUMENTATION_COMMENTS = YES;
				CLANG_WARN_EMPTY_BODY = YES;
				CLANG_WARN_ENUM_CONVERSION = YES;
				CLANG_WARN_INFINITE_RECURSION = YES;
				CLANG_WARN_INT_CONVERSION = YES;
				CLANG_WARN_NON_LITERAL_NULL_CONVERSION = YES;
				CLANG_WARN_OBJC_IMPLICIT_RETAIN_SELF = YES;
				CLANG_WARN_OBJC_LITERAL_CONVERSION = YES;
				CLANG_WARN_OBJC_ROOT_CLASS = YES_ERROR;
				CLANG_WARN_QUOTED_INCLUDE_IN_FRAMEWORK_HEADER = YES;
				CLANG_WARN_RANGE_LOOP_ANALYSIS = YES;
				CLANG_WARN_STRICT_PROTOTYPES = YES;
				CLANG_WARN_SUSPICIOUS_MOVE = YES;
				CLANG_WARN_UNGUARDED_AVAILABILITY = YES_AGGRESSIVE;
				CLANG_WARN_UNREACHABLE_CODE = YES;
				CLANG_WARN__DUPLICATE_METHOD_MATCH = YES;
				COPY_PHASE_STRIP = NO;
				DEBUG_INFORMATION_FORMAT = "dwarf-with-dsym";
				ENABLE_NS_ASSERTIONS = NO;
				ENABLE_STRICT_OBJC_MSGSEND = YES;
				GCC_C_LANGUAGE_STANDARD = gnu11;
				GCC_NO_COMMON_BLOCKS = YES;
				GCC_WARN_64_TO_32_BIT_CONVERSION = YES;
				GCC_WARN_ABOUT_RETURN_TYPE = YES_ERROR;
				GCC_WARN_UNDECLARED_SELECTOR = YES;
				GCC_WARN_UNINITIALIZED_AUTOS = YES_AGGRESSIVE;
				GCC_WARN_UNUSED_FUNCTION = YES;
				GCC_WARN_UNUSED_VARIABLE = YES;
				IPHONEOS_DEPLOYMENT_TARGET = 15.4;
				MTL_ENABLE_DEBUG_INFO = NO;
				MTL_FAST_MATH = YES;
				SDKROOT = iphoneos;
				SWIFT_COMPILATION_MODE = wholemodule;
				SWIFT_OPTIMIZATION_LEVEL = "-O";
				VALIDATE_PRODUCT = YES;
			};
			name = Release;
		};
		9804500D27F1F1AE0095F756 /* Debug */ = {
			isa = XCBuildConfiguration;
			buildSettings = {
				ASSETCATALOG_COMPILER_APPICON_NAME = AppIcon;
				ASSETCATALOG_COMPILER_GLOBAL_ACCENT_COLOR_NAME = AccentColor;
				CODE_SIGN_STYLE = Automatic;
				CURRENT_PROJECT_VERSION = 1;
				DEVELOPMENT_ASSET_PATHS = "\"ContactMe/Preview Content\"";
				DEVELOPMENT_TEAM = TDL4PT97XP;
				ENABLE_PREVIEWS = YES;
				GENERATE_INFOPLIST_FILE = YES;
				INFOPLIST_KEY_UIApplicationSceneManifest_Generation = YES;
				INFOPLIST_KEY_UIApplicationSupportsIndirectInputEvents = YES;
				INFOPLIST_KEY_UILaunchScreen_Generation = YES;
				INFOPLIST_KEY_UISupportedInterfaceOrientations_iPad = "UIInterfaceOrientationPortrait UIInterfaceOrientationPortraitUpsideDown UIInterfaceOrientationLandscapeLeft UIInterfaceOrientationLandscapeRight";
				INFOPLIST_KEY_UISupportedInterfaceOrientations_iPhone = "UIInterfaceOrientationPortrait UIInterfaceOrientationLandscapeLeft UIInterfaceOrientationLandscapeRight";
				LD_RUNPATH_SEARCH_PATHS = (
					"$(inherited)",
					"@executable_path/Frameworks",
				);
				MARKETING_VERSION = 1.0;
				PRODUCT_BUNDLE_IDENTIFIER = com.github.lrkhan.ContactMe;
				PRODUCT_NAME = "$(TARGET_NAME)";
				SWIFT_EMIT_LOC_STRINGS = YES;
				SWIFT_VERSION = 5.0;
				TARGETED_DEVICE_FAMILY = "1,2";
			};
			name = Debug;
		};
		9804500E27F1F1AE0095F756 /* Release */ = {
			isa = XCBuildConfiguration;
			buildSettings = {
				ASSETCATALOG_COMPILER_APPICON_NAME = AppIcon;
				ASSETCATALOG_COMPILER_GLOBAL_ACCENT_COLOR_NAME = AccentColor;
				CODE_SIGN_STYLE = Automatic;
				CURRENT_PROJECT_VERSION = 1;
				DEVELOPMENT_ASSET_PATHS = "\"ContactMe/Preview Content\"";
				DEVELOPMENT_TEAM = TDL4PT97XP;
				ENABLE_PREVIEWS = YES;
				GENERATE_INFOPLIST_FILE = YES;
				INFOPLIST_KEY_UIApplicationSceneManifest_Generation = YES;
				INFOPLIST_KEY_UIApplicationSupportsIndirectInputEvents = YES;
				INFOPLIST_KEY_UILaunchScreen_Generation = YES;
				INFOPLIST_KEY_UISupportedInterfaceOrientations_iPad = "UIInterfaceOrientationPortrait UIInterfaceOrientationPortraitUpsideDown UIInterfaceOrientationLandscapeLeft UIInterfaceOrientationLandscapeRight";
				INFOPLIST_KEY_UISupportedInterfaceOrientations_iPhone = "UIInterfaceOrientationPortrait UIInterfaceOrientationLandscapeLeft UIInterfaceOrientationLandscapeRight";
				LD_RUNPATH_SEARCH_PATHS = (
					"$(inherited)",
					"@executable_path/Frameworks",
				);
				MARKETING_VERSION = 1.0;
				PRODUCT_BUNDLE_IDENTIFIER = com.github.lrkhan.ContactMe;
				PRODUCT_NAME = "$(TARGET_NAME)";
				SWIFT_EMIT_LOC_STRINGS = YES;
				SWIFT_VERSION = 5.0;
				TARGETED_DEVICE_FAMILY = "1,2";
			};
			name = Release;
		};
/* End XCBuildConfiguration section */

/* Begin XCConfigurationList section */
		98044FF927F1F1AD0095F756 /* Build configuration list for PBXProject "ContactMe" */ = {
			isa = XCConfigurationList;
			buildConfigurations = (
				9804500A27F1F1AE0095F756 /* Debug */,
				9804500B27F1F1AE0095F756 /* Release */,
			);
			defaultConfigurationIsVisible = 0;
			defaultConfigurationName = Release;
		};
		9804500C27F1F1AE0095F756 /* Build configuration list for PBXNativeTarget "ContactMe" */ = {
			isa = XCConfigurationList;
			buildConfigurations = (
				9804500D27F1F1AE0095F756 /* Debug */,
				9804500E27F1F1AE0095F756 /* Release */,
			);
			defaultConfigurationIsVisible = 0;
			defaultConfigurationName = Release;
		};
/* End XCConfigurationList section */
	};
	rootObject = 98044FF627F1F1AD0095F756 /* Project object */;
}
